// !$*UTF8*$!
{
	archiveVersion = 1;
	classes = {
	};
	objectVersion = 52;
	objects = {

/* Begin PBXBuildFile section */
		38CB2AA6271F2991004D23E2 /* AppDelegate.swift in Sources */ = {isa = PBXBuildFile; fileRef = 38CB2AA5271F2991004D23E2 /* AppDelegate.swift */; };
		38CB2AA8271F2991004D23E2 /* SceneDelegate.swift in Sources */ = {isa = PBXBuildFile; fileRef = 38CB2AA7271F2991004D23E2 /* SceneDelegate.swift */; };
		38CB2AAA271F2991004D23E2 /* ViewController.swift in Sources */ = {isa = PBXBuildFile; fileRef = 38CB2AA9271F2991004D23E2 /* ViewController.swift */; };
		38CB2AAD271F2991004D23E2 /* Main.storyboard in Resources */ = {isa = PBXBuildFile; fileRef = 38CB2AAB271F2991004D23E2 /* Main.storyboard */; };
		38CB2AB0271F2991004D23E2 /* ClubSchedules.xcdatamodeld in Sources */ = {isa = PBXBuildFile; fileRef = 38CB2AAE271F2991004D23E2 /* ClubSchedules.xcdatamodeld */; };
		38CB2AB2271F2993004D23E2 /* Assets.xcassets in Resources */ = {isa = PBXBuildFile; fileRef = 38CB2AB1271F2993004D23E2 /* Assets.xcassets */; };
		38CB2AB5271F2993004D23E2 /* LaunchScreen.storyboard in Resources */ = {isa = PBXBuildFile; fileRef = 38CB2AB3271F2993004D23E2 /* LaunchScreen.storyboard */; };
		38CB2AC0271F2994004D23E2 /* ClubSchedulesTests.swift in Sources */ = {isa = PBXBuildFile; fileRef = 38CB2ABF271F2994004D23E2 /* ClubSchedulesTests.swift */; };
		38CB2ACB271F2994004D23E2 /* ClubSchedulesUITests.swift in Sources */ = {isa = PBXBuildFile; fileRef = 38CB2ACA271F2994004D23E2 /* ClubSchedulesUITests.swift */; };
		38CB2ADA271F2A4C004D23E2 /* FirebaseFunctions in Frameworks */ = {isa = PBXBuildFile; productRef = 38CB2AD9271F2A4C004D23E2 /* FirebaseFunctions */; };
		38CB2ADC271F2A4C004D23E2 /* FirebaseAnalytics in Frameworks */ = {isa = PBXBuildFile; productRef = 38CB2ADB271F2A4C004D23E2 /* FirebaseAnalytics */; };
		38CB2ADE271F2A4C004D23E2 /* FirebaseCrashlytics in Frameworks */ = {isa = PBXBuildFile; productRef = 38CB2ADD271F2A4C004D23E2 /* FirebaseCrashlytics */; };
		38CB2AE0271F2A4C004D23E2 /* FirebaseStorage in Frameworks */ = {isa = PBXBuildFile; productRef = 38CB2ADF271F2A4C004D23E2 /* FirebaseStorage */; };
		38CB2AE2271F2A4C004D23E2 /* FirebaseAuth in Frameworks */ = {isa = PBXBuildFile; productRef = 38CB2AE1271F2A4C004D23E2 /* FirebaseAuth */; };
		38CB2AE4271F2A4C004D23E2 /* FirebaseFirestore in Frameworks */ = {isa = PBXBuildFile; productRef = 38CB2AE3271F2A4C004D23E2 /* FirebaseFirestore */; };
		38CB2AE6271F2B67004D23E2 /* GoogleService-Info.plist in Resources */ = {isa = PBXBuildFile; fileRef = 38CB2AE5271F2B67004D23E2 /* GoogleService-Info.plist */; };
/* End PBXBuildFile section */

/* Begin PBXContainerItemProxy section */
		38CB2ABC271F2994004D23E2 /* PBXContainerItemProxy */ = {
			isa = PBXContainerItemProxy;
			containerPortal = 38CB2A9A271F2991004D23E2 /* Project object */;
			proxyType = 1;
			remoteGlobalIDString = 38CB2AA1271F2991004D23E2;
			remoteInfo = ClubSchedules;
		};
		38CB2AC7271F2994004D23E2 /* PBXContainerItemProxy */ = {
			isa = PBXContainerItemProxy;
			containerPortal = 38CB2A9A271F2991004D23E2 /* Project object */;
			proxyType = 1;
			remoteGlobalIDString = 38CB2AA1271F2991004D23E2;
			remoteInfo = ClubSchedules;
		};
/* End PBXContainerItemProxy section */

/* Begin PBXFileReference section */
		38CB2AA2271F2991004D23E2 /* ClubSchedules.app */ = {isa = PBXFileReference; explicitFileType = wrapper.application; includeInIndex = 0; path = ClubSchedules.app; sourceTree = BUILT_PRODUCTS_DIR; };
		38CB2AA5271F2991004D23E2 /* AppDelegate.swift */ = {isa = PBXFileReference; lastKnownFileType = sourcecode.swift; path = AppDelegate.swift; sourceTree = "<group>"; };
		38CB2AA7271F2991004D23E2 /* SceneDelegate.swift */ = {isa = PBXFileReference; lastKnownFileType = sourcecode.swift; path = SceneDelegate.swift; sourceTree = "<group>"; };
		38CB2AA9271F2991004D23E2 /* ViewController.swift */ = {isa = PBXFileReference; lastKnownFileType = sourcecode.swift; path = ViewController.swift; sourceTree = "<group>"; };
		38CB2AAC271F2991004D23E2 /* Base */ = {isa = PBXFileReference; lastKnownFileType = file.storyboard; name = Base; path = Base.lproj/Main.storyboard; sourceTree = "<group>"; };
		38CB2AAF271F2991004D23E2 /* ClubSchedules.xcdatamodel */ = {isa = PBXFileReference; lastKnownFileType = wrapper.xcdatamodel; path = ClubSchedules.xcdatamodel; sourceTree = "<group>"; };
		38CB2AB1271F2993004D23E2 /* Assets.xcassets */ = {isa = PBXFileReference; lastKnownFileType = folder.assetcatalog; path = Assets.xcassets; sourceTree = "<group>"; };
		38CB2AB4271F2993004D23E2 /* Base */ = {isa = PBXFileReference; lastKnownFileType = file.storyboard; name = Base; path = Base.lproj/LaunchScreen.storyboard; sourceTree = "<group>"; };
		38CB2AB6271F2993004D23E2 /* Info.plist */ = {isa = PBXFileReference; lastKnownFileType = text.plist.xml; path = Info.plist; sourceTree = "<group>"; };
		38CB2ABB271F2994004D23E2 /* ClubSchedulesTests.xctest */ = {isa = PBXFileReference; explicitFileType = wrapper.cfbundle; includeInIndex = 0; path = ClubSchedulesTests.xctest; sourceTree = BUILT_PRODUCTS_DIR; };
		38CB2ABF271F2994004D23E2 /* ClubSchedulesTests.swift */ = {isa = PBXFileReference; lastKnownFileType = sourcecode.swift; path = ClubSchedulesTests.swift; sourceTree = "<group>"; };
		38CB2AC1271F2994004D23E2 /* Info.plist */ = {isa = PBXFileReference; lastKnownFileType = text.plist.xml; path = Info.plist; sourceTree = "<group>"; };
		38CB2AC6271F2994004D23E2 /* ClubSchedulesUITests.xctest */ = {isa = PBXFileReference; explicitFileType = wrapper.cfbundle; includeInIndex = 0; path = ClubSchedulesUITests.xctest; sourceTree = BUILT_PRODUCTS_DIR; };
		38CB2ACA271F2994004D23E2 /* ClubSchedulesUITests.swift */ = {isa = PBXFileReference; lastKnownFileType = sourcecode.swift; path = ClubSchedulesUITests.swift; sourceTree = "<group>"; };
		38CB2ACC271F2994004D23E2 /* Info.plist */ = {isa = PBXFileReference; lastKnownFileType = text.plist.xml; path = Info.plist; sourceTree = "<group>"; };
		38CB2AE5271F2B67004D23E2 /* GoogleService-Info.plist */ = {isa = PBXFileReference; fileEncoding = 4; lastKnownFileType = text.plist.xml; path = "GoogleService-Info.plist"; sourceTree = "<group>"; };
/* End PBXFileReference section */

/* Begin PBXFrameworksBuildPhase section */
		38CB2A9F271F2991004D23E2 /* Frameworks */ = {
			isa = PBXFrameworksBuildPhase;
			buildActionMask = 2147483647;
			files = (
				38CB2ADE271F2A4C004D23E2 /* FirebaseCrashlytics in Frameworks */,
				38CB2AE2271F2A4C004D23E2 /* FirebaseAuth in Frameworks */,
				38CB2AE0271F2A4C004D23E2 /* FirebaseStorage in Frameworks */,
				38CB2ADC271F2A4C004D23E2 /* FirebaseAnalytics in Frameworks */,
				38CB2ADA271F2A4C004D23E2 /* FirebaseFunctions in Frameworks */,
				38CB2AE4271F2A4C004D23E2 /* FirebaseFirestore in Frameworks */,
			);
			runOnlyForDeploymentPostprocessing = 0;
		};
		38CB2AB8271F2994004D23E2 /* Frameworks */ = {
			isa = PBXFrameworksBuildPhase;
			buildActionMask = 2147483647;
			files = (
			);
			runOnlyForDeploymentPostprocessing = 0;
		};
		38CB2AC3271F2994004D23E2 /* Frameworks */ = {
			isa = PBXFrameworksBuildPhase;
			buildActionMask = 2147483647;
			files = (
			);
			runOnlyForDeploymentPostprocessing = 0;
		};
/* End PBXFrameworksBuildPhase section */

/* Begin PBXGroup section */
		38CB2A99271F2991004D23E2 = {
			isa = PBXGroup;
			children = (
				38CB2AA4271F2991004D23E2 /* ClubSchedules */,
				38CB2ABE271F2994004D23E2 /* ClubSchedulesTests */,
				38CB2AC9271F2994004D23E2 /* ClubSchedulesUITests */,
				38CB2AA3271F2991004D23E2 /* Products */,
			);
			sourceTree = "<group>";
		};
		38CB2AA3271F2991004D23E2 /* Products */ = {
			isa = PBXGroup;
			children = (
				38CB2AA2271F2991004D23E2 /* ClubSchedules.app */,
				38CB2ABB271F2994004D23E2 /* ClubSchedulesTests.xctest */,
				38CB2AC6271F2994004D23E2 /* ClubSchedulesUITests.xctest */,
			);
			name = Products;
			sourceTree = "<group>";
		};
		38CB2AA4271F2991004D23E2 /* ClubSchedules */ = {
			isa = PBXGroup;
			children = (
				38CB2AA5271F2991004D23E2 /* AppDelegate.swift */,
				38CB2AA7271F2991004D23E2 /* SceneDelegate.swift */,
				38CB2AA9271F2991004D23E2 /* ViewController.swift */,
				38CB2AAB271F2991004D23E2 /* Main.storyboard */,
				38CB2AB1271F2993004D23E2 /* Assets.xcassets */,
				38CB2AB3271F2993004D23E2 /* LaunchScreen.storyboard */,
				38CB2AB6271F2993004D23E2 /* Info.plist */,
				38CB2AE5271F2B67004D23E2 /* GoogleService-Info.plist */,
				38CB2AAE271F2991004D23E2 /* ClubSchedules.xcdatamodeld */,
			);
			path = ClubSchedules;
			sourceTree = "<group>";
		};
		38CB2ABE271F2994004D23E2 /* ClubSchedulesTests */ = {
			isa = PBXGroup;
			children = (
				38CB2ABF271F2994004D23E2 /* ClubSchedulesTests.swift */,
				38CB2AC1271F2994004D23E2 /* Info.plist */,
			);
			path = ClubSchedulesTests;
			sourceTree = "<group>";
		};
		38CB2AC9271F2994004D23E2 /* ClubSchedulesUITests */ = {
			isa = PBXGroup;
			children = (
				38CB2ACA271F2994004D23E2 /* ClubSchedulesUITests.swift */,
				38CB2ACC271F2994004D23E2 /* Info.plist */,
			);
			path = ClubSchedulesUITests;
			sourceTree = "<group>";
		};
/* End PBXGroup section */

/* Begin PBXNativeTarget section */
		38CB2AA1271F2991004D23E2 /* ClubSchedules */ = {
			isa = PBXNativeTarget;
			buildConfigurationList = 38CB2ACF271F2994004D23E2 /* Build configuration list for PBXNativeTarget "ClubSchedules" */;
			buildPhases = (
				38CB2A9E271F2991004D23E2 /* Sources */,
				38CB2A9F271F2991004D23E2 /* Frameworks */,
				38CB2AA0271F2991004D23E2 /* Resources */,
			);
			buildRules = (
			);
			dependencies = (
			);
			name = ClubSchedules;
			packageProductDependencies = (
				38CB2AD9271F2A4C004D23E2 /* FirebaseFunctions */,
				38CB2ADB271F2A4C004D23E2 /* FirebaseAnalytics */,
				38CB2ADD271F2A4C004D23E2 /* FirebaseCrashlytics */,
				38CB2ADF271F2A4C004D23E2 /* FirebaseStorage */,
				38CB2AE1271F2A4C004D23E2 /* FirebaseAuth */,
				38CB2AE3271F2A4C004D23E2 /* FirebaseFirestore */,
			);
			productName = ClubSchedules;
			productReference = 38CB2AA2271F2991004D23E2 /* ClubSchedules.app */;
			productType = "com.apple.product-type.application";
		};
		38CB2ABA271F2994004D23E2 /* ClubSchedulesTests */ = {
			isa = PBXNativeTarget;
			buildConfigurationList = 38CB2AD2271F2994004D23E2 /* Build configuration list for PBXNativeTarget "ClubSchedulesTests" */;
			buildPhases = (
				38CB2AB7271F2994004D23E2 /* Sources */,
				38CB2AB8271F2994004D23E2 /* Frameworks */,
				38CB2AB9271F2994004D23E2 /* Resources */,
			);
			buildRules = (
			);
			dependencies = (
				38CB2ABD271F2994004D23E2 /* PBXTargetDependency */,
			);
			name = ClubSchedulesTests;
			productName = ClubSchedulesTests;
			productReference = 38CB2ABB271F2994004D23E2 /* ClubSchedulesTests.xctest */;
			productType = "com.apple.product-type.bundle.unit-test";
		};
		38CB2AC5271F2994004D23E2 /* ClubSchedulesUITests */ = {
			isa = PBXNativeTarget;
			buildConfigurationList = 38CB2AD5271F2994004D23E2 /* Build configuration list for PBXNativeTarget "ClubSchedulesUITests" */;
			buildPhases = (
				38CB2AC2271F2994004D23E2 /* Sources */,
				38CB2AC3271F2994004D23E2 /* Frameworks */,
				38CB2AC4271F2994004D23E2 /* Resources */,
			);
			buildRules = (
			);
			dependencies = (
				38CB2AC8271F2994004D23E2 /* PBXTargetDependency */,
			);
			name = ClubSchedulesUITests;
			productName = ClubSchedulesUITests;
			productReference = 38CB2AC6271F2994004D23E2 /* ClubSchedulesUITests.xctest */;
			productType = "com.apple.product-type.bundle.ui-testing";
		};
/* End PBXNativeTarget section */

/* Begin PBXProject section */
		38CB2A9A271F2991004D23E2 /* Project object */ = {
			isa = PBXProject;
			attributes = {
				LastSwiftUpdateCheck = 1250;
				LastUpgradeCheck = 1250;
				TargetAttributes = {
					38CB2AA1271F2991004D23E2 = {
						CreatedOnToolsVersion = 12.5.1;
					};
					38CB2ABA271F2994004D23E2 = {
						CreatedOnToolsVersion = 12.5.1;
						TestTargetID = 38CB2AA1271F2991004D23E2;
					};
					38CB2AC5271F2994004D23E2 = {
						CreatedOnToolsVersion = 12.5.1;
						TestTargetID = 38CB2AA1271F2991004D23E2;
					};
				};
			};
			buildConfigurationList = 38CB2A9D271F2991004D23E2 /* Build configuration list for PBXProject "ClubSchedules" */;
			compatibilityVersion = "Xcode 9.3";
			developmentRegion = en;
			hasScannedForEncodings = 0;
			knownRegions = (
				en,
				Base,
			);
			mainGroup = 38CB2A99271F2991004D23E2;
			packageReferences = (
				38CB2AD8271F2A4C004D23E2 /* XCRemoteSwiftPackageReference "firebase-ios-sdk" */,
			);
			productRefGroup = 38CB2AA3271F2991004D23E2 /* Products */;
			projectDirPath = "";
			projectRoot = "";
			targets = (
				38CB2AA1271F2991004D23E2 /* ClubSchedules */,
				38CB2ABA271F2994004D23E2 /* ClubSchedulesTests */,
				38CB2AC5271F2994004D23E2 /* ClubSchedulesUITests */,
			);
		};
/* End PBXProject section */

/* Begin PBXResourcesBuildPhase section */
		38CB2AA0271F2991004D23E2 /* Resources */ = {
			isa = PBXResourcesBuildPhase;
			buildActionMask = 2147483647;
			files = (
				38CB2AB5271F2993004D23E2 /* LaunchScreen.storyboard in Resources */,
				38CB2AE6271F2B67004D23E2 /* GoogleService-Info.plist in Resources */,
				38CB2AB2271F2993004D23E2 /* Assets.xcassets in Resources */,
				38CB2AAD271F2991004D23E2 /* Main.storyboard in Resources */,
			);
			runOnlyForDeploymentPostprocessing = 0;
		};
		38CB2AB9271F2994004D23E2 /* Resources */ = {
			isa = PBXResourcesBuildPhase;
			buildActionMask = 2147483647;
			files = (
			);
			runOnlyForDeploymentPostprocessing = 0;
		};
		38CB2AC4271F2994004D23E2 /* Resources */ = {
			isa = PBXResourcesBuildPhase;
			buildActionMask = 2147483647;
			files = (
			);
			runOnlyForDeploymentPostprocessing = 0;
		};
/* End PBXResourcesBuildPhase section */

/* Begin PBXSourcesBuildPhase section */
		38CB2A9E271F2991004D23E2 /* Sources */ = {
			isa = PBXSourcesBuildPhase;
			buildActionMask = 2147483647;
			files = (
				38CB2AB0271F2991004D23E2 /* ClubSchedules.xcdatamodeld in Sources */,
				38CB2AAA271F2991004D23E2 /* ViewController.swift in Sources */,
				38CB2AA6271F2991004D23E2 /* AppDelegate.swift in Sources */,
				38CB2AA8271F2991004D23E2 /* SceneDelegate.swift in Sources */,
			);
			runOnlyForDeploymentPostprocessing = 0;
		};
		38CB2AB7271F2994004D23E2 /* Sources */ = {
			isa = PBXSourcesBuildPhase;
			buildActionMask = 2147483647;
			files = (
				38CB2AC0271F2994004D23E2 /* ClubSchedulesTests.swift in Sources */,
			);
			runOnlyForDeploymentPostprocessing = 0;
		};
		38CB2AC2271F2994004D23E2 /* Sources */ = {
			isa = PBXSourcesBuildPhase;
			buildActionMask = 2147483647;
			files = (
				38CB2ACB271F2994004D23E2 /* ClubSchedulesUITests.swift in Sources */,
			);
			runOnlyForDeploymentPostprocessing = 0;
		};
/* End PBXSourcesBuildPhase section */

/* Begin PBXTargetDependency section */
		38CB2ABD271F2994004D23E2 /* PBXTargetDependency */ = {
			isa = PBXTargetDependency;
			target = 38CB2AA1271F2991004D23E2 /* ClubSchedules */;
			targetProxy = 38CB2ABC271F2994004D23E2 /* PBXContainerItemProxy */;
		};
		38CB2AC8271F2994004D23E2 /* PBXTargetDependency */ = {
			isa = PBXTargetDependency;
			target = 38CB2AA1271F2991004D23E2 /* ClubSchedules */;
			targetProxy = 38CB2AC7271F2994004D23E2 /* PBXContainerItemProxy */;
		};
/* End PBXTargetDependency section */

/* Begin PBXVariantGroup section */
		38CB2AAB271F2991004D23E2 /* Main.storyboard */ = {
			isa = PBXVariantGroup;
			children = (
				38CB2AAC271F2991004D23E2 /* Base */,
			);
			name = Main.storyboard;
			sourceTree = "<group>";
		};
		38CB2AB3271F2993004D23E2 /* LaunchScreen.storyboard */ = {
			isa = PBXVariantGroup;
			children = (
				38CB2AB4271F2993004D23E2 /* Base */,
			);
			name = LaunchScreen.storyboard;
			sourceTree = "<group>";
		};
/* End PBXVariantGroup section */

/* Begin XCBuildConfiguration section */
		38CB2ACD271F2994004D23E2 /* Debug */ = {
			isa = XCBuildConfiguration;
			buildSettings = {
				ALWAYS_SEARCH_USER_PATHS = NO;
				CLANG_ANALYZER_NONNULL = YES;
				CLANG_ANALYZER_NUMBER_OBJECT_CONVERSION = YES_AGGRESSIVE;
				CLANG_CXX_LANGUAGE_STANDARD = "gnu++14";
				CLANG_CXX_LIBRARY = "libc++";
				CLANG_ENABLE_MODULES = YES;
				CLANG_ENABLE_OBJC_ARC = YES;
				CLANG_ENABLE_OBJC_WEAK = YES;
				CLANG_WARN_BLOCK_CAPTURE_AUTORELEASING = YES;
				CLANG_WARN_BOOL_CONVERSION = YES;
				CLANG_WARN_COMMA = YES;
				CLANG_WARN_CONSTANT_CONVERSION = YES;
				CLANG_WARN_DEPRECATED_OBJC_IMPLEMENTATIONS = YES;
				CLANG_WARN_DIRECT_OBJC_ISA_USAGE = YES_ERROR;
				CLANG_WARN_DOCUMENTATION_COMMENTS = YES;
				CLANG_WARN_EMPTY_BODY = YES;
				CLANG_WARN_ENUM_CONVERSION = YES;
				CLANG_WARN_INFINITE_RECURSION = YES;
				CLANG_WARN_INT_CONVERSION = YES;
				CLANG_WARN_NON_LITERAL_NULL_CONVERSION = YES;
				CLANG_WARN_OBJC_IMPLICIT_RETAIN_SELF = YES;
				CLANG_WARN_OBJC_LITERAL_CONVERSION = YES;
				CLANG_WARN_OBJC_ROOT_CLASS = YES_ERROR;
				CLANG_WARN_QUOTED_INCLUDE_IN_FRAMEWORK_HEADER = YES;
				CLANG_WARN_RANGE_LOOP_ANALYSIS = YES;
				CLANG_WARN_STRICT_PROTOTYPES = YES;
				CLANG_WARN_SUSPICIOUS_MOVE = YES;
				CLANG_WARN_UNGUARDED_AVAILABILITY = YES_AGGRESSIVE;
				CLANG_WARN_UNREACHABLE_CODE = YES;
				CLANG_WARN__DUPLICATE_METHOD_MATCH = YES;
				COPY_PHASE_STRIP = NO;
				DEBUG_INFORMATION_FORMAT = dwarf;
				ENABLE_STRICT_OBJC_MSGSEND = YES;
				ENABLE_TESTABILITY = YES;
				GCC_C_LANGUAGE_STANDARD = gnu11;
				GCC_DYNAMIC_NO_PIC = NO;
				GCC_NO_COMMON_BLOCKS = YES;
				GCC_OPTIMIZATION_LEVEL = 0;
				GCC_PREPROCESSOR_DEFINITIONS = (
					"DEBUG=1",
					"$(inherited)",
				);
				GCC_WARN_64_TO_32_BIT_CONVERSION = YES;
				GCC_WARN_ABOUT_RETURN_TYPE = YES_ERROR;
				GCC_WARN_UNDECLARED_SELECTOR = YES;
				GCC_WARN_UNINITIALIZED_AUTOS = YES_AGGRESSIVE;
				GCC_WARN_UNUSED_FUNCTION = YES;
				GCC_WARN_UNUSED_VARIABLE = YES;
				IPHONEOS_DEPLOYMENT_TARGET = 13.2;
				MTL_ENABLE_DEBUG_INFO = INCLUDE_SOURCE;
				MTL_FAST_MATH = YES;
				ONLY_ACTIVE_ARCH = YES;
				SDKROOT = iphoneos;
				SWIFT_ACTIVE_COMPILATION_CONDITIONS = DEBUG;
				SWIFT_OPTIMIZATION_LEVEL = "-Onone";
			};
			name = Debug;
		};
		38CB2ACE271F2994004D23E2 /* Release */ = {
			isa = XCBuildConfiguration;
			buildSettings = {
				ALWAYS_SEARCH_USER_PATHS = NO;
				CLANG_ANALYZER_NONNULL = YES;
				CLANG_ANALYZER_NUMBER_OBJECT_CONVERSION = YES_AGGRESSIVE;
				CLANG_CXX_LANGUAGE_STANDARD = "gnu++14";
				CLANG_CXX_LIBRARY = "libc++";
				CLANG_ENABLE_MODULES = YES;
				CLANG_ENABLE_OBJC_ARC = YES;
				CLANG_ENABLE_OBJC_WEAK = YES;
				CLANG_WARN_BLOCK_CAPTURE_AUTORELEASING = YES;
				CLANG_WARN_BOOL_CONVERSION = YES;
				CLANG_WARN_COMMA = YES;
				CLANG_WARN_CONSTANT_CONVERSION = YES;
				CLANG_WARN_DEPRECATED_OBJC_IMPLEMENTATIONS = YES;
				CLANG_WARN_DIRECT_OBJC_ISA_USAGE = YES_ERROR;
				CLANG_WARN_DOCUMENTATION_COMMENTS = YES;
				CLANG_WARN_EMPTY_BODY = YES;
				CLANG_WARN_ENUM_CONVERSION = YES;
				CLANG_WARN_INFINITE_RECURSION = YES;
				CLANG_WARN_INT_CONVERSION = YES;
				CLANG_WARN_NON_LITERAL_NULL_CONVERSION = YES;
				CLANG_WARN_OBJC_IMPLICIT_RETAIN_SELF = YES;
				CLANG_WARN_OBJC_LITERAL_CONVERSION = YES;
				CLANG_WARN_OBJC_ROOT_CLASS = YES_ERROR;
				CLANG_WARN_QUOTED_INCLUDE_IN_FRAMEWORK_HEADER = YES;
				CLANG_WARN_RANGE_LOOP_ANALYSIS = YES;
				CLANG_WARN_STRICT_PROTOTYPES = YES;
				CLANG_WARN_SUSPICIOUS_MOVE = YES;
				CLANG_WARN_UNGUARDED_AVAILABILITY = YES_AGGRESSIVE;
				CLANG_WARN_UNREACHABLE_CODE = YES;
				CLANG_WARN__DUPLICATE_METHOD_MATCH = YES;
				COPY_PHASE_STRIP = NO;
				DEBUG_INFORMATION_FORMAT = "dwarf-with-dsym";
				ENABLE_NS_ASSERTIONS = NO;
				ENABLE_STRICT_OBJC_MSGSEND = YES;
				GCC_C_LANGUAGE_STANDARD = gnu11;
				GCC_NO_COMMON_BLOCKS = YES;
				GCC_WARN_64_TO_32_BIT_CONVERSION = YES;
				GCC_WARN_ABOUT_RETURN_TYPE = YES_ERROR;
				GCC_WARN_UNDECLARED_SELECTOR = YES;
				GCC_WARN_UNINITIALIZED_AUTOS = YES_AGGRESSIVE;
				GCC_WARN_UNUSED_FUNCTION = YES;
				GCC_WARN_UNUSED_VARIABLE = YES;
				IPHONEOS_DEPLOYMENT_TARGET = 13.2;
				MTL_ENABLE_DEBUG_INFO = NO;
				MTL_FAST_MATH = YES;
				SDKROOT = iphoneos;
				SWIFT_COMPILATION_MODE = wholemodule;
				SWIFT_OPTIMIZATION_LEVEL = "-O";
				VALIDATE_PRODUCT = YES;
			};
			name = Release;
		};
		38CB2AD0271F2994004D23E2 /* Debug */ = {
			isa = XCBuildConfiguration;
			buildSettings = {
				ASSETCATALOG_COMPILER_APPICON_NAME = AppIcon;
				ASSETCATALOG_COMPILER_GLOBAL_ACCENT_COLOR_NAME = AccentColor;
				CODE_SIGN_STYLE = Automatic;
				DEVELOPMENT_TEAM = NM27U8SN8M;
				INFOPLIST_FILE = ClubSchedules/Info.plist;
				LD_RUNPATH_SEARCH_PATHS = (
					"$(inherited)",
					"@executable_path/Frameworks",
				);
				PRODUCT_BUNDLE_IDENTIFIER = com.HHSApps.ClubSchedules;
				PRODUCT_NAME = "$(TARGET_NAME)";
				SWIFT_VERSION = 5.0;
				TARGETED_DEVICE_FAMILY = "1,2";
			};
			name = Debug;
		};
		38CB2AD1271F2994004D23E2 /* Release */ = {
			isa = XCBuildConfiguration;
			buildSettings = {
				ASSETCATALOG_COMPILER_APPICON_NAME = AppIcon;
				ASSETCATALOG_COMPILER_GLOBAL_ACCENT_COLOR_NAME = AccentColor;
				CODE_SIGN_STYLE = Automatic;
				DEVELOPMENT_TEAM = NM27U8SN8M;
				INFOPLIST_FILE = ClubSchedules/Info.plist;
				LD_RUNPATH_SEARCH_PATHS = (
					"$(inherited)",
					"@executable_path/Frameworks",
				);
				PRODUCT_BUNDLE_IDENTIFIER = com.HHSApps.ClubSchedules;
				PRODUCT_NAME = "$(TARGET_NAME)";
				SWIFT_VERSION = 5.0;
				TARGETED_DEVICE_FAMILY = "1,2";
			};
			name = Release;
		};
		38CB2AD3271F2994004D23E2 /* Debug */ = {
			isa = XCBuildConfiguration;
			buildSettings = {
				ALWAYS_EMBED_SWIFT_STANDARD_LIBRARIES = YES;
				BUNDLE_LOADER = "$(TEST_HOST)";
				CODE_SIGN_STYLE = Automatic;
				DEVELOPMENT_TEAM = NM27U8SN8M;
				INFOPLIST_FILE = ClubSchedulesTests/Info.plist;
				IPHONEOS_DEPLOYMENT_TARGET = 14.5;
				LD_RUNPATH_SEARCH_PATHS = (
					"$(inherited)",
					"@executable_path/Frameworks",
					"@loader_path/Frameworks",
				);
				PRODUCT_BUNDLE_IDENTIFIER = com.DocsApps.ClubSchedulesTests;
				PRODUCT_NAME = "$(TARGET_NAME)";
				SWIFT_VERSION = 5.0;
				TARGETED_DEVICE_FAMILY = "1,2";
				TEST_HOST = "$(BUILT_PRODUCTS_DIR)/ClubSchedules.app/ClubSchedules";
			};
			name = Debug;
		};
		38CB2AD4271F2994004D23E2 /* Release */ = {
			isa = XCBuildConfiguration;
			buildSettings = {
				ALWAYS_EMBED_SWIFT_STANDARD_LIBRARIES = YES;
				BUNDLE_LOADER = "$(TEST_HOST)";
				CODE_SIGN_STYLE = Automatic;
				DEVELOPMENT_TEAM = NM27U8SN8M;
				INFOPLIST_FILE = ClubSchedulesTests/Info.plist;
				IPHONEOS_DEPLOYMENT_TARGET = 14.5;
				LD_RUNPATH_SEARCH_PATHS = (
					"$(inherited)",
					"@executable_path/Frameworks",
					"@loader_path/Frameworks",
				);
				PRODUCT_BUNDLE_IDENTIFIER = com.DocsApps.ClubSchedulesTests;
				PRODUCT_NAME = "$(TARGET_NAME)";
				SWIFT_VERSION = 5.0;
				TARGETED_DEVICE_FAMILY = "1,2";
				TEST_HOST = "$(BUILT_PRODUCTS_DIR)/ClubSchedules.app/ClubSchedules";
			};
			name = Release;
		};
		38CB2AD6271F2994004D23E2 /* Debug */ = {
			isa = XCBuildConfiguration;
			buildSettings = {
				ALWAYS_EMBED_SWIFT_STANDARD_LIBRARIES = YES;
				CODE_SIGN_STYLE = Automatic;
				DEVELOPMENT_TEAM = NM27U8SN8M;
				INFOPLIST_FILE = ClubSchedulesUITests/Info.plist;
				LD_RUNPATH_SEARCH_PATHS = (
					"$(inherited)",
					"@executable_path/Frameworks",
					"@loader_path/Frameworks",
				);
				PRODUCT_BUNDLE_IDENTIFIER = com.DocsApps.ClubSchedulesUITests;
				PRODUCT_NAME = "$(TARGET_NAME)";
				SWIFT_VERSION = 5.0;
				TARGETED_DEVICE_FAMILY = "1,2";
				TEST_TARGET_NAME = ClubSchedules;
			};
			name = Debug;
		};
		38CB2AD7271F2994004D23E2 /* Release */ = {
			isa = XCBuildConfiguration;
			buildSettings = {
				ALWAYS_EMBED_SWIFT_STANDARD_LIBRARIES = YES;
				CODE_SIGN_STYLE = Automatic;
				DEVELOPMENT_TEAM = NM27U8SN8M;
				INFOPLIST_FILE = ClubSchedulesUITests/Info.plist;
				LD_RUNPATH_SEARCH_PATHS = (
					"$(inherited)",
					"@executable_path/Frameworks",
					"@loader_path/Frameworks",
				);
				PRODUCT_BUNDLE_IDENTIFIER = com.DocsApps.ClubSchedulesUITests;
				PRODUCT_NAME = "$(TARGET_NAME)";
				SWIFT_VERSION = 5.0;
				TARGETED_DEVICE_FAMILY = "1,2";
				TEST_TARGET_NAME = ClubSchedules;
			};
			name = Release;
		};
/* End XCBuildConfiguration section */

/* Begin XCConfigurationList section */
		38CB2A9D271F2991004D23E2 /* Build configuration list for PBXProject "ClubSchedules" */ = {
			isa = XCConfigurationList;
			buildConfigurations = (
				38CB2ACD271F2994004D23E2 /* Debug */,
				38CB2ACE271F2994004D23E2 /* Release */,
			);
			defaultConfigurationIsVisible = 0;
			defaultConfigurationName = Release;
		};
		38CB2ACF271F2994004D23E2 /* Build configuration list for PBXNativeTarget "ClubSchedules" */ = {
			isa = XCConfigurationList;
			buildConfigurations = (
				38CB2AD0271F2994004D23E2 /* Debug */,
				38CB2AD1271F2994004D23E2 /* Release */,
			);
			defaultConfigurationIsVisible = 0;
			defaultConfigurationName = Release;
		};
		38CB2AD2271F2994004D23E2 /* Build configuration list for PBXNativeTarget "ClubSchedulesTests" */ = {
			isa = XCConfigurationList;
			buildConfigurations = (
				38CB2AD3271F2994004D23E2 /* Debug */,
				38CB2AD4271F2994004D23E2 /* Release */,
			);
			defaultConfigurationIsVisible = 0;
			defaultConfigurationName = Release;
		};
		38CB2AD5271F2994004D23E2 /* Build configuration list for PBXNativeTarget "ClubSchedulesUITests" */ = {
			isa = XCConfigurationList;
			buildConfigurations = (
				38CB2AD6271F2994004D23E2 /* Debug */,
				38CB2AD7271F2994004D23E2 /* Release */,
			);
			defaultConfigurationIsVisible = 0;
			defaultConfigurationName = Release;
		};
/* End XCConfigurationList section */

/* Begin XCRemoteSwiftPackageReference section */
		38CB2AD8271F2A4C004D23E2 /* XCRemoteSwiftPackageReference "firebase-ios-sdk" */ = {
			isa = XCRemoteSwiftPackageReference;
			repositoryURL = "https://github.com/firebase/firebase-ios-sdk.git";
			requirement = {
				kind = upToNextMajorVersion;
				minimumVersion = 8.8.1;
			};
		};
/* End XCRemoteSwiftPackageReference section */

/* Begin XCSwiftPackageProductDependency section */
		38CB2AD9271F2A4C004D23E2 /* FirebaseFunctions */ = {
			isa = XCSwiftPackageProductDependency;
			package = 38CB2AD8271F2A4C004D23E2 /* XCRemoteSwiftPackageReference "firebase-ios-sdk" */;
			productName = FirebaseFunctions;
		};
		38CB2ADB271F2A4C004D23E2 /* FirebaseAnalytics */ = {
			isa = XCSwiftPackageProductDependency;
			package = 38CB2AD8271F2A4C004D23E2 /* XCRemoteSwiftPackageReference "firebase-ios-sdk" */;
			productName = FirebaseAnalytics;
		};
		38CB2ADD271F2A4C004D23E2 /* FirebaseCrashlytics */ = {
			isa = XCSwiftPackageProductDependency;
			package = 38CB2AD8271F2A4C004D23E2 /* XCRemoteSwiftPackageReference "firebase-ios-sdk" */;
			productName = FirebaseCrashlytics;
		};
		38CB2ADF271F2A4C004D23E2 /* FirebaseStorage */ = {
			isa = XCSwiftPackageProductDependency;
			package = 38CB2AD8271F2A4C004D23E2 /* XCRemoteSwiftPackageReference "firebase-ios-sdk" */;
			productName = FirebaseStorage;
		};
		38CB2AE1271F2A4C004D23E2 /* FirebaseAuth */ = {
			isa = XCSwiftPackageProductDependency;
			package = 38CB2AD8271F2A4C004D23E2 /* XCRemoteSwiftPackageReference "firebase-ios-sdk" */;
			productName = FirebaseAuth;
		};
		38CB2AE3271F2A4C004D23E2 /* FirebaseFirestore */ = {
			isa = XCSwiftPackageProductDependency;
			package = 38CB2AD8271F2A4C004D23E2 /* XCRemoteSwiftPackageReference "firebase-ios-sdk" */;
			productName = FirebaseFirestore;
		};
/* End XCSwiftPackageProductDependency section */

/* Begin XCVersionGroup section */
		38CB2AAE271F2991004D23E2 /* ClubSchedules.xcdatamodeld */ = {
			isa = XCVersionGroup;
			children = (
				38CB2AAF271F2991004D23E2 /* ClubSchedules.xcdatamodel */,
			);
			currentVersion = 38CB2AAF271F2991004D23E2 /* ClubSchedules.xcdatamodel */;
			path = ClubSchedules.xcdatamodeld;
			sourceTree = "<group>";
			versionGroupType = wrapper.xcdatamodel;
		};
/* End XCVersionGroup section */
	};
	rootObject = 38CB2A9A271F2991004D23E2 /* Project object */;
}
